
Microsoft Visual Studio Solution File, Format Version 12.00
# Visual Studio Version 17
VisualStudioVersion = 17.14.36511.14
MinimumVisualStudioVersion = 10.0.40219.1
Project("{FAE04EC0-301F-11D3-BF4B-00C04F79EFBC}") = "YaungMel_POS.WebApi", "POSSampleOWN\YaungMel_POS.WebApi.csproj", "{A1B08C71-9588-4BC2-9FA9-380132912A38}"
EndProject
Project("{2150E333-8FDC-42A3-9474-1A3956D46DE8}") = "Solution Items", "Solution Items", "{8EC462FD-D22E-90A8-E5CE-7E832BA40C5D}"
	ProjectSection(SolutionItems) = preProject
		README.md = README.md
	EndProjectSection
EndProject
Project("{FAE04EC0-301F-11D3-BF4B-00C04F79EFBC}") = "YaungMel_POS.database", "POSSampleOWN.database\YaungMel_POS.database.csproj", "{514A64AA-AC4E-4DA1-A35C-C1606F3241E3}"
EndProject
Project("{FAE04EC0-301F-11D3-BF4B-00C04F79EFBC}") = "YaungMel_POS.domain", "POSSampleOWN.domain\YaungMel_POS.domain.csproj", "{BF22162A-3835-4CCF-A976-26540F0103DA}"
EndProject
Project("{FAE04EC0-301F-11D3-BF4B-00C04F79EFBC}") = "YaungMel_POS.shared", "POSSampleOWN.shared\YaungMel_POS.shared.csproj", "{69079151-EB9D-418F-9759-B4FF6CC98DFF}"
EndProject
Project("{E53339B2-1760-4266-BCC7-CA923CBCF16C}") = "docker-compose", "docker-compose.dcproj", "{81DDED9D-158B-E303-5F62-77A2896D2A5A}"
EndProject
Global
	GlobalSection(SolutionConfigurationPlatforms) = preSolution
		Debug|Any CPU = Debug|Any CPU
		Release|Any CPU = Release|Any CPU
	EndGlobalSection
	GlobalSection(ProjectConfigurationPlatforms) = postSolution
		{A1B08C71-9588-4BC2-9FA9-380132912A38}.Debug|Any CPU.ActiveCfg = Debug|Any CPU
		{A1B08C71-9588-4BC2-9FA9-380132912A38}.Debug|Any CPU.Build.0 = Debug|Any CPU
		{A1B08C71-9588-4BC2-9FA9-380132912A38}.Release|Any CPU.ActiveCfg = Release|Any CPU
		{A1B08C71-9588-4BC2-9FA9-380132912A38}.Release|Any CPU.Build.0 = Release|Any CPU
		{514A64AA-AC4E-4DA1-A35C-C1606F3241E3}.Debug|Any CPU.ActiveCfg = Debug|Any CPU
		{514A64AA-AC4E-4DA1-A35C-C1606F3241E3}.Debug|Any CPU.Build.0 = Debug|Any CPU
		{514A64AA-AC4E-4DA1-A35C-C1606F3241E3}.Release|Any CPU.ActiveCfg = Release|Any CPU
		{514A64AA-AC4E-4DA1-A35C-C1606F3241E3}.Release|Any CPU.Build.0 = Release|Any CPU
		{BF22162A-3835-4CCF-A976-26540F0103DA}.Debug|Any CPU.ActiveCfg = Debug|Any CPU
		{BF22162A-3835-4CCF-A976-26540F0103DA}.Debug|Any CPU.Build.0 = Debug|Any CPU
		{BF22162A-3835-4CCF-A976-26540F0103DA}.Release|Any CPU.ActiveCfg = Release|Any CPU
		{BF22162A-3835-4CCF-A976-26540F0103DA}.Release|Any CPU.Build.0 = Release|Any CPU
		{69079151-EB9D-418F-9759-B4FF6CC98DFF}.Debug|Any CPU.ActiveCfg = Debug|Any CPU
		{69079151-EB9D-418F-9759-B4FF6CC98DFF}.Debug|Any CPU.Build.0 = Debug|Any CPU
		{69079151-EB9D-418F-9759-B4FF6CC98DFF}.Release|Any CPU.ActiveCfg = Release|Any CPU
		{69079151-EB9D-418F-9759-B4FF6CC98DFF}.Release|Any CPU.Build.0 = Release|Any CPU
		{81DDED9D-158B-E303-5F62-77A2896D2A5A}.Debug|Any CPU.ActiveCfg = Debug|Any CPU
		{81DDED9D-158B-E303-5F62-77A2896D2A5A}.Debug|Any CPU.Build.0 = Debug|Any CPU
		{81DDED9D-158B-E303-5F62-77A2896D2A5A}.Release|Any CPU.ActiveCfg = Release|Any CPU
		{81DDED9D-158B-E303-5F62-77A2896D2A5A}.Release|Any CPU.Build.0 = Release|Any CPU
	EndGlobalSection
	GlobalSection(SolutionProperties) = preSolution
		HideSolutionNode = FALSE
	EndGlobalSection
	GlobalSection(ExtensibilityGlobals) = postSolution
		SolutionGuid = {6BB4EBFD-0607-4C95-9006-0086DB959E23}
	EndGlobalSection
EndGlobal
